{
  "version": "3",
  "packages": {
    "specifiers": {
      "jsr:@std/assert@1": "jsr:@std/assert@1.0.2",
      "jsr:@std/internal@^1.0.1": "jsr:@std/internal@1.0.1",
      "npm:@resvg/resvg-js": "npm:@resvg/resvg-js@2.6.0",
      "npm:@types/react@18.2.38": "npm:@types/react@18.2.38",
      "npm:html-style-converter@1.4.3": "npm:html-style-converter@1.4.3",
      "npm:satori-html@0.3.2": "npm:satori-html@0.3.2",
      "npm:satori@0.10.13": "npm:satori@0.10.13"
    },
    "jsr": {
      "@std/assert@1.0.2": {
        "integrity": "ccacec332958126deaceb5c63ff8b4eaf9f5ed0eac9feccf124110435e59e49c",
        "dependencies": [
          "jsr:@std/internal@^1.0.1"
        ]
      },
      "@std/internal@1.0.1": {
        "integrity": "6f8c7544d06a11dd256c8d6ba54b11ed870aac6c5aeafff499892662c57673e6"
      }
    },
    "npm": {
      "@resvg/resvg-js-android-arm-eabi@2.6.0": {
        "integrity": "sha512-lJnZ/2P5aMocrFMW7HWhVne5gH82I8xH6zsfH75MYr4+/JOaVcGCTEQ06XFohGMdYRP3v05SSPLPvTM/RHjxfA==",
        "dependencies": {}
      },
      "@resvg/resvg-js-android-arm64@2.6.0": {
        "integrity": "sha512-N527f529bjMwYWShZYfBD60dXA4Fux+D695QsHQ93BDYZSHUoOh1CUGUyICevnTxs7VgEl98XpArmUWBZQVMfQ==",
        "dependencies": {}
      },
      "@resvg/resvg-js-darwin-arm64@2.6.0": {
        "integrity": "sha512-MabUKLVayEwlPo0mIqAmMt+qESN8LltCvv5+GLgVga1avpUrkxj/fkU1TKm8kQegutUjbP/B0QuMuUr0uhF8ew==",
        "dependencies": {}
      },
      "@resvg/resvg-js-darwin-x64@2.6.0": {
        "integrity": "sha512-zrFetdnSw/suXjmyxSjfDV7i61hahv6DDG6kM7BYN2yJ3Es5+BZtqYZTcIWogPJedYKmzN1YTMWGd/3f0ubFiA==",
        "dependencies": {}
      },
      "@resvg/resvg-js-linux-arm-gnueabihf@2.6.0": {
        "integrity": "sha512-sH4gxXt7v7dGwjGyzLwn7SFGvwZG6DQqLaZ11MmzbCwd9Zosy1TnmrMJfn6TJ7RHezmQMgBPi18bl55FZ1AT4A==",
        "dependencies": {}
      },
      "@resvg/resvg-js-linux-arm64-gnu@2.6.0": {
        "integrity": "sha512-fCyMncqCJtrlANADIduYF4IfnWQ295UKib7DAxFXQhBsM9PLDTpizr0qemZcCNadcwSVHnAIzL4tliZhCM8P6A==",
        "dependencies": {}
      },
      "@resvg/resvg-js-linux-arm64-musl@2.6.0": {
        "integrity": "sha512-ouLjTgBQHQyxLht4FdMPTvuY8xzJigM9EM2Tlu0llWkN1mKyTQrvYWi6TA6XnKdzDJHy7ZLpWpjZi7F5+Pg+Vg==",
        "dependencies": {}
      },
      "@resvg/resvg-js-linux-x64-gnu@2.6.0": {
        "integrity": "sha512-n3zC8DWsvxC1AwxpKFclIPapDFibs5XdIRoV/mcIlxlh0vseW1F49b97F33BtJQRmlntsqqN6GMMqx8byB7B+Q==",
        "dependencies": {}
      },
      "@resvg/resvg-js-linux-x64-musl@2.6.0": {
        "integrity": "sha512-n4tasK1HOlAxdTEROgYA1aCfsEKk0UOFDNd/AQTTZlTmCbHKXPq+O8npaaKlwXquxlVK8vrkcWbksbiGqbCAcw==",
        "dependencies": {}
      },
      "@resvg/resvg-js-win32-arm64-msvc@2.6.0": {
        "integrity": "sha512-X2+EoBJFwDI5LDVb51Sk7ldnVLitMGr9WwU/i21i3fAeAXZb3hM16k67DeTy16OYkT2dk/RfU1tP1wG+rWbz2Q==",
        "dependencies": {}
      },
      "@resvg/resvg-js-win32-ia32-msvc@2.6.0": {
        "integrity": "sha512-L7oevWjQoUgK5W1fCKn0euSVemhDXVhrjtwqpc7MwBKKimYeiOshO1Li1pa8bBt5PESahenhWgdB6lav9O0fEg==",
        "dependencies": {}
      },
      "@resvg/resvg-js-win32-x64-msvc@2.6.0": {
        "integrity": "sha512-8lJlghb+Unki5AyKgsnFbRJwkEj9r1NpwyuBG8yEJiG1W9eEGl03R3I7bsVa3haof/3J1NlWf0rzSa1G++A2iw==",
        "dependencies": {}
      },
      "@resvg/resvg-js@2.6.0": {
        "integrity": "sha512-Tf3YpbBKcQn991KKcw/vg7vZf98v01seSv6CVxZBbRkL/xyjnoYB6KgrFL6zskT1A4dWC/vg77KyNOW+ePaNlA==",
        "dependencies": {
          "@resvg/resvg-js-android-arm-eabi": "@resvg/resvg-js-android-arm-eabi@2.6.0",
          "@resvg/resvg-js-android-arm64": "@resvg/resvg-js-android-arm64@2.6.0",
          "@resvg/resvg-js-darwin-arm64": "@resvg/resvg-js-darwin-arm64@2.6.0",
          "@resvg/resvg-js-darwin-x64": "@resvg/resvg-js-darwin-x64@2.6.0",
          "@resvg/resvg-js-linux-arm-gnueabihf": "@resvg/resvg-js-linux-arm-gnueabihf@2.6.0",
          "@resvg/resvg-js-linux-arm64-gnu": "@resvg/resvg-js-linux-arm64-gnu@2.6.0",
          "@resvg/resvg-js-linux-arm64-musl": "@resvg/resvg-js-linux-arm64-musl@2.6.0",
          "@resvg/resvg-js-linux-x64-gnu": "@resvg/resvg-js-linux-x64-gnu@2.6.0",
          "@resvg/resvg-js-linux-x64-musl": "@resvg/resvg-js-linux-x64-musl@2.6.0",
          "@resvg/resvg-js-win32-arm64-msvc": "@resvg/resvg-js-win32-arm64-msvc@2.6.0",
          "@resvg/resvg-js-win32-ia32-msvc": "@resvg/resvg-js-win32-ia32-msvc@2.6.0",
          "@resvg/resvg-js-win32-x64-msvc": "@resvg/resvg-js-win32-x64-msvc@2.6.0"
        }
      },
      "@shuding/opentype.js@1.4.0-beta.0": {
        "integrity": "sha512-3NgmNyH3l/Hv6EvsWJbsvpcpUba6R8IREQ83nH83cyakCw7uM1arZKNfHwv1Wz6jgqrF/j4x5ELvR6PnK9nTcA==",
        "dependencies": {
          "fflate": "fflate@0.7.4",
          "string.prototype.codepointat": "string.prototype.codepointat@0.2.1"
        }
      },
      "@types/prop-types@15.7.12": {
        "integrity": "sha512-5zvhXYtRNRluoE/jAp4GVsSduVUzNWKkOZrCDBWYtE7biZywwdC2AcEzg+cSMLFRfVgeAFqpfNabiPjxFddV1Q==",
        "dependencies": {}
      },
      "@types/react@18.2.38": {
        "integrity": "sha512-cBBXHzuPtQK6wNthuVMV6IjHAFkdl/FOPFIlkd81/Cd1+IqkHu/A+w4g43kaQQoYHik/ruaQBDL72HyCy1vuMw==",
        "dependencies": {
          "@types/prop-types": "@types/prop-types@15.7.12",
          "@types/scheduler": "@types/scheduler@0.23.0",
          "csstype": "csstype@3.1.3"
        }
      },
      "@types/scheduler@0.23.0": {
        "integrity": "sha512-YIoDCTH3Af6XM5VuwGG/QL/CJqga1Zm3NkU3HZ4ZHK2fRMPYP1VczsTUqtsf43PH/iJNVlPHAo2oWX7BSdB2Hw==",
        "dependencies": {}
      },
      "base64-js@0.0.8": {
        "integrity": "sha512-3XSA2cR/h/73EzlXXdU6YNycmYI7+kicTxks4eJg2g39biHR84slg2+des+p7iHYhbRg/udIS4TD53WabcOUkw==",
        "dependencies": {}
      },
      "boolbase@1.0.0": {
        "integrity": "sha512-JZOSA7Mo9sNGB8+UjSgzdLtokWAky1zbztM3WRLCbZ70/3cTANmQmOdR7y2g+J0e2WXywy1yS468tY+IruqEww==",
        "dependencies": {}
      },
      "camelize@1.0.1": {
        "integrity": "sha512-dU+Tx2fsypxTgtLoE36npi3UqcjSSMNYfkqgmoEhtZrraP5VWq0K7FkWVTYa8eMPtnU/G2txVsfdCJTn9uzpuQ==",
        "dependencies": {}
      },
      "cheerio-select@2.1.0": {
        "integrity": "sha512-9v9kG0LvzrlcungtnJtpGNxY+fzECQKhK4EGJX2vByejiMX84MFNQw4UxPJl3bFbTMw+Dfs37XaIkCwTZfLh4g==",
        "dependencies": {
          "boolbase": "boolbase@1.0.0",
          "css-select": "css-select@5.1.0",
          "css-what": "css-what@6.1.0",
          "domelementtype": "domelementtype@2.3.0",
          "domhandler": "domhandler@5.0.3",
          "domutils": "domutils@3.0.1"
        }
      },
      "cheerio@1.0.0-rc.12": {
        "integrity": "sha512-VqR8m68vM46BNnuZ5NtnGBKIE/DfN0cRIzg9n40EIq9NOv90ayxLBXA8fXC5gquFRGJSTRqBq25Jt2ECLR431Q==",
        "dependencies": {
          "cheerio-select": "cheerio-select@2.1.0",
          "dom-serializer": "dom-serializer@2.0.0",
          "domhandler": "domhandler@5.0.3",
          "domutils": "domutils@3.0.1",
          "htmlparser2": "htmlparser2@8.0.2",
          "parse5": "parse5@7.1.2",
          "parse5-htmlparser2-tree-adapter": "parse5-htmlparser2-tree-adapter@7.0.0"
        }
      },
      "color-name@1.1.4": {
        "integrity": "sha512-dOy+3AuW3a2wNbZHIuMZpTcgjGuLU/uBL/ubcZF9OXbDo8ff4O8yVp5Bf0efS8uEoYo5q4Fx7dY9OgQGXgAsQA==",
        "dependencies": {}
      },
      "css-background-parser@0.1.0": {
        "integrity": "sha512-2EZLisiZQ+7m4wwur/qiYJRniHX4K5Tc9w93MT3AS0WS1u5kaZ4FKXlOTBhOjc+CgEgPiGY+fX1yWD8UwpEqUA==",
        "dependencies": {}
      },
      "css-box-shadow@1.0.0-3": {
        "integrity": "sha512-9jaqR6e7Ohds+aWwmhe6wILJ99xYQbfmK9QQB9CcMjDbTxPZjwEmUQpU91OG05Xgm8BahT5fW+svbsQGjS/zPg==",
        "dependencies": {}
      },
      "css-color-keywords@1.0.0": {
        "integrity": "sha512-FyyrDHZKEjXDpNJYvVsV960FiqQyXc/LlYmsxl2BcdMb2WPx0OGRVgTg55rPSyLSNMqP52R9r8geSp7apN3Ofg==",
        "dependencies": {}
      },
      "css-select@5.1.0": {
        "integrity": "sha512-nwoRF1rvRRnnCqqY7updORDsuqKzqYJ28+oSMaJMMgOauh3fvwHqMS7EZpIPqK8GL+g9mKxF1vP/ZjSeNjEVHg==",
        "dependencies": {
          "boolbase": "boolbase@1.0.0",
          "css-what": "css-what@6.1.0",
          "domhandler": "domhandler@5.0.3",
          "domutils": "domutils@3.0.1",
          "nth-check": "nth-check@2.1.1"
        }
      },
      "css-to-react-native@3.2.0": {
        "integrity": "sha512-e8RKaLXMOFii+02mOlqwjbD00KSEKqblnpO9e++1aXS1fPQOpS1YoqdVHBqPjHNoxeF2mimzVqawm2KCbEdtHQ==",
        "dependencies": {
          "camelize": "camelize@1.0.1",
          "css-color-keywords": "css-color-keywords@1.0.0",
          "postcss-value-parser": "postcss-value-parser@4.2.0"
        }
      },
      "css-what@6.1.0": {
        "integrity": "sha512-HTUrgRJ7r4dsZKU6GjmpfRK1O76h97Z8MfS1G0FozR+oF2kG6Vfe8JE6zwrkbxigziPHinCJ+gCPjA9EaBDtRw==",
        "dependencies": {}
      },
      "csstype@3.1.3": {
        "integrity": "sha512-M1uQkMl8rQK/szD0LNhtqxIPLpimGm8sOBwU7lLnCpSbTyY3yeU1Vc7l4KT5zT4s/yOxHH5O7tIuuLOCnLADRw==",
        "dependencies": {}
      },
      "dom-serializer@2.0.0": {
        "integrity": "sha512-wIkAryiqt/nV5EQKqQpo3SToSOV9J0DnbJqwK7Wv/Trc92zIAYZ4FlMu+JPFW1DfGFt81ZTCGgDEabffXeLyJg==",
        "dependencies": {
          "domelementtype": "domelementtype@2.3.0",
          "domhandler": "domhandler@5.0.3",
          "entities": "entities@4.4.0"
        }
      },
      "domelementtype@2.3.0": {
        "integrity": "sha512-OLETBj6w0OsagBwdXnPdN0cnMfF9opN69co+7ZrbfPGrdpPVNBUj02spi6B1N7wChLQiPn4CSH/zJvXw56gmHw==",
        "dependencies": {}
      },
      "domhandler@5.0.3": {
        "integrity": "sha512-cgwlv/1iFQiFnU96XXgROh8xTeetsnJiDsTc7TYCLFd9+/WNkIqPTxiM/8pSd8VIrhXGTf1Ny1q1hquVqDJB5w==",
        "dependencies": {
          "domelementtype": "domelementtype@2.3.0"
        }
      },
      "domutils@3.0.1": {
        "integrity": "sha512-z08c1l761iKhDFtfXO04C7kTdPBLi41zwOZl00WS8b5eiaebNpY00HKbztwBq+e3vyqWNwWF3mP9YLUeqIrF+Q==",
        "dependencies": {
          "dom-serializer": "dom-serializer@2.0.0",
          "domelementtype": "domelementtype@2.3.0",
          "domhandler": "domhandler@5.0.3"
        }
      },
      "emoji-regex@10.3.0": {
        "integrity": "sha512-QpLs9D9v9kArv4lfDEgg1X/gN5XLnf/A6l9cs8SPZLRZR3ZkY9+kwIQTxm+fsSej5UMYGE8fdoaZVIBlqG0XTw==",
        "dependencies": {}
      },
      "entities@4.4.0": {
        "integrity": "sha512-oYp7156SP8LkeGD0GF85ad1X9Ai79WtRsZ2gxJqtBuzH+98YUV6jkHEKlZkMbcrjJjIVJNIDP/3WL9wQkoPbWA==",
        "dependencies": {}
      },
      "escape-html@1.0.3": {
        "integrity": "sha512-NiSupZ4OeuGwr68lGIeym/ksIZMJodUGOSCZ/FSnTxcrekbvqrgdUxlJOMpijaKZVjAJrWrGs/6Jy8OMuyj9ow==",
        "dependencies": {}
      },
      "fflate@0.7.4": {
        "integrity": "sha512-5u2V/CDW15QM1XbbgS+0DfPxVB+jUKhWEKuuFuHncbk3tEEqzmoXL+2KyOFuKGqOnmdIy0/davWF1CkuwtibCw==",
        "dependencies": {}
      },
      "hex-rgb@4.3.0": {
        "integrity": "sha512-Ox1pJVrDCyGHMG9CFg1tmrRUMRPRsAWYc/PinY0XzJU4K7y7vjNoLKIQ7BR5UJMCxNN8EM1MNDmHWA/B3aZUuw==",
        "dependencies": {}
      },
      "html-style-converter@1.4.3": {
        "integrity": "sha512-cSu/+phY2m+3drYP2VVq2A0EcMCYzsUJmHBB8y84cxGhCpaa/D4mKr82eCU35eDgR7flTMZCFyHMSiFNv7HlAw==",
        "dependencies": {
          "cheerio": "cheerio@1.0.0-rc.12",
          "lodash": "lodash@4.17.21"
        }
      },
      "htmlparser2@8.0.2": {
        "integrity": "sha512-GYdjWKDkbRLkZ5geuHs5NY1puJ+PXwP7+fHPRz06Eirsb9ugf6d8kkXav6ADhcODhFFPMIXyxkxSuMf3D6NCFA==",
        "dependencies": {
          "domelementtype": "domelementtype@2.3.0",
          "domhandler": "domhandler@5.0.3",
          "domutils": "domutils@3.0.1",
          "entities": "entities@4.4.0"
        }
      },
      "linebreak@1.1.0": {
        "integrity": "sha512-MHp03UImeVhB7XZtjd0E4n6+3xr5Dq/9xI/5FptGk5FrbDR3zagPa2DS6U8ks/3HjbKWG9Q1M2ufOzxV2qLYSQ==",
        "dependencies": {
          "base64-js": "base64-js@0.0.8",
          "unicode-trie": "unicode-trie@2.0.0"
        }
      },
      "lodash@4.17.21": {
        "integrity": "sha512-v2kDEe57lecTulaDIuNTPy3Ry4gLGJ6Z1O3vE1krgXZNrsQ+LFTGHVxVjcXPs17LhbZVGedAJv8XZ1tvj5FvSg==",
        "dependencies": {}
      },
      "nth-check@2.1.1": {
        "integrity": "sha512-lqjrjmaOoAnWfMmBPL+XNnynZh2+swxiX3WUE0s4yEHI6m+AwrK2UZOimIRl3X/4QctVqS8AiZjFqyOGrMXb/w==",
        "dependencies": {
          "boolbase": "boolbase@1.0.0"
        }
      },
      "pako@0.2.9": {
        "integrity": "sha512-NUcwaKxUxWrZLpDG+z/xZaCgQITkA/Dv4V/T6bw7VON6l1Xz/VnrBqrYjZQ12TamKHzITTfOEIYUj48y2KXImA==",
        "dependencies": {}
      },
      "parse-css-color@0.2.1": {
        "integrity": "sha512-bwS/GGIFV3b6KS4uwpzCFj4w297Yl3uqnSgIPsoQkx7GMLROXfMnWvxfNkL0oh8HVhZA4hvJoEoEIqonfJ3BWg==",
        "dependencies": {
          "color-name": "color-name@1.1.4",
          "hex-rgb": "hex-rgb@4.3.0"
        }
      },
      "parse5-htmlparser2-tree-adapter@7.0.0": {
        "integrity": "sha512-B77tOZrqqfUfnVcOrUvfdLbz4pu4RopLD/4vmu3HUPswwTA8OH0EMW9BlWR2B0RCoiZRAHEUu7IxeP1Pd1UU+g==",
        "dependencies": {
          "domhandler": "domhandler@5.0.3",
          "parse5": "parse5@7.1.2"
        }
      },
      "parse5@7.1.2": {
        "integrity": "sha512-Czj1WaSVpaoj0wbhMzLmWD69anp2WH7FXMB9n1Sy8/ZFF9jolSQVMu1Ij5WIyGmcBmhk7EOndpO4mIpihVqAXw==",
        "dependencies": {
          "entities": "entities@4.4.0"
        }
      },
      "postcss-value-parser@4.2.0": {
        "integrity": "sha512-1NNCs6uurfkVbeXG4S8JFT9t19m45ICnif8zWLd5oPSZ50QnwMfK+H3jv408d4jw/7Bttv5axS5IiHoLaVNHeQ==",
        "dependencies": {}
      },
      "satori-html@0.3.2": {
        "integrity": "sha512-wjTh14iqADFKDK80e51/98MplTGfxz2RmIzh0GqShlf4a67+BooLywF17TvJPD6phO0Hxm7Mf1N5LtRYvdkYRA==",
        "dependencies": {
          "ultrahtml": "ultrahtml@1.5.3"
        }
      },
      "satori@0.10.13": {
        "integrity": "sha512-klCwkVYMQ/ZN5inJLHzrUmGwoRfsdP7idB5hfpJ1jfiJk1ErDitK8Hkc6Kll1+Ox2WtqEuGecSZLnmup3CGzvQ==",
        "dependencies": {
          "@shuding/opentype.js": "@shuding/opentype.js@1.4.0-beta.0",
          "css-background-parser": "css-background-parser@0.1.0",
          "css-box-shadow": "css-box-shadow@1.0.0-3",
          "css-to-react-native": "css-to-react-native@3.2.0",
          "emoji-regex": "emoji-regex@10.3.0",
          "escape-html": "escape-html@1.0.3",
          "linebreak": "linebreak@1.1.0",
          "parse-css-color": "parse-css-color@0.2.1",
          "postcss-value-parser": "postcss-value-parser@4.2.0",
          "yoga-wasm-web": "yoga-wasm-web@0.3.3"
        }
      },
      "string.prototype.codepointat@0.2.1": {
        "integrity": "sha512-2cBVCj6I4IOvEnjgO/hWqXjqBGsY+zwPmHl12Srk9IXSZ56Jwwmy+66XO5Iut/oQVR7t5ihYdLB0GMa4alEUcg==",
        "dependencies": {}
      },
      "tiny-inflate@1.0.3": {
        "integrity": "sha512-pkY1fj1cKHb2seWDy0B16HeWyczlJA9/WW3u3c4z/NiWDsO3DOU5D7nhTLE9CF0yXv/QZFY7sEJmj24dK+Rrqw==",
        "dependencies": {}
      },
      "ultrahtml@1.5.3": {
        "integrity": "sha512-GykOvZwgDWZlTQMtp5jrD4BVL+gNn2NVlVafjcFUJ7taY20tqYdwdoWBFy6GBJsNTZe1GkGPkSl5knQAjtgceg==",
        "dependencies": {}
      },
      "unicode-trie@2.0.0": {
        "integrity": "sha512-x7bc76x0bm4prf1VLg79uhAzKw8DVboClSN5VxJuQ+LKDOVEW9CdH+VY7SP+vX7xCYQqzzgQpFqz15zeLvAtZQ==",
        "dependencies": {
          "pako": "pako@0.2.9",
          "tiny-inflate": "tiny-inflate@1.0.3"
        }
      },
      "yoga-wasm-web@0.3.3": {
        "integrity": "sha512-N+d4UJSJbt/R3wqY7Coqs5pcV0aUj2j9IaQ3rNj9bVCLld8tTGKRa2USARjnvZJWVx1NDmQev8EknoczaOQDOA==",
        "dependencies": {}
      }
    }
  },
  "remote": {
    "https://deno.land/std@0.224.0/assert/assert.ts": "09d30564c09de846855b7b071e62b5974b001bb72a4b797958fe0660e7849834",
    "https://deno.land/std@0.224.0/assert/assertion_error.ts": "ba8752bd27ebc51f723702fac2f54d3e94447598f54264a6653d6413738a8917",
    "https://deno.land/std@0.224.0/bytes/concat.ts": "86161274b5546a02bdb3154652418efe7af8c9310e8d54107a68aaa148e0f5ed",
    "https://deno.land/std@0.224.0/bytes/copy.ts": "08d85062240a7223e6ec4e2af193ad1a50c59a43f0d86ac3a7b16f3e0d77c028",
    "https://deno.land/std@0.224.0/io/_common.ts": "36705cdb4dfcd338d6131bca1b16e48a4d5bf0d1dada6ce397268e88c17a5835",
    "https://deno.land/std@0.224.0/io/_constants.ts": "3c7ad4695832e6e4a32e35f218c70376b62bc78621ef069a4a0a3d55739f8856",
    "https://deno.land/std@0.224.0/io/buffer.ts": "4d1f805f350433e418002accec798bc6c33ce18f614afa65f987c202d7b2234e",
    "https://deno.land/std@0.224.0/io/iterate_reader.ts": "1e5e4fea22d8965afb7df4ee9ab9adda0a0fc581adbea31bc2f2d25453f8a6e9",
    "https://deno.land/std@0.224.0/io/reader_from_stream_reader.ts": "a75bbc93f39df8b0e372cc1fbdc416a7cbf2a39fc4c09ddb057f1241100191c5",
    "https://deno.land/std@0.224.0/io/to_readable_stream.ts": "ed03a44a1ec1cc55a85a857acf6cac472035298f6f3b6207ea209f93b4aefb39",
    "https://deno.land/std@0.224.0/io/to_writable_stream.ts": "ef422e0425963c8a1e0481674e66c3023da50f0acbe5ef51ec9789efc3c1e2ed",
    "https://deno.land/std@0.224.0/io/types.ts": "acecb3074c730b5ff487ba4fe9ce51e67bd982aa07c95e5f5679b7b2f24ad129",
    "https://deno.land/std@0.224.0/io/write_all.ts": "24aac2312bb21096ae3ae0b102b22c26164d3249dff96dbac130958aa736f038",
    "https://deno.land/std@0.224.0/streams/_common.ts": "948735ef6d140cd6916dca861197b88fc57db52c2f923c392b7a14033d8fed4b",
    "https://deno.land/std@0.224.0/streams/buffer.ts": "e012de72a53ad17c56512488e9afb6f4b6ed046b32fc1415ae7a4e6fc0efce38",
    "https://deno.land/std@0.224.0/streams/byte_slice_stream.ts": "5bbdcadb118390affa9b3d0a0f73ef8e83754f59bb89df349add669dd9369713",
    "https://deno.land/std@0.224.0/streams/delimiter_stream.ts": "4e4050740ff27a8824defa6c96126229ef9d794c4ace4ef9cabb10b5ad4a5d14",
    "https://deno.land/std@0.224.0/streams/early_zip_readable_streams.ts": "21f5cf6dd36381c6a50c31a7727b5bd219f6382bbb7a413418595c3e466c4d14",
    "https://deno.land/std@0.224.0/streams/iterate_reader.ts": "a8e698d16373d49821172f90ec7ac011ef1aae7a4036ae4bace284ff99e2bc92",
    "https://deno.land/std@0.224.0/streams/limited_bytes_transform_stream.ts": "b22a45a337374e863c4eb1867ec6b8ad3e68620a6c52fe837746060ea610e6f1",
    "https://deno.land/std@0.224.0/streams/limited_transform_stream.ts": "4c47da5ca38a30fa9f33b0f1a61d4548e7f52a9a58c294b0f430f680e44cc543",
    "https://deno.land/std@0.224.0/streams/merge_readable_streams.ts": "73eed8ff54c9111b8b974b11a5a11c1ed0b7800e0157c39277ccac3ed14721e2",
    "https://deno.land/std@0.224.0/streams/mod.ts": "d56624832b9649b680c74ab9c77e746e8be81ae1a24756cc04623e25a0d43ce9",
    "https://deno.land/std@0.224.0/streams/readable_stream_from_reader.ts": "64943452485bcba48e203fa8ae61c195aed9ab8b2a178e2fc6a383f761ce010a",
    "https://deno.land/std@0.224.0/streams/reader_from_iterable.ts": "e7b064142b2a97bb562d958c2e4b4d129e923e9c9f2f6e003a4e16cbdcd62570",
    "https://deno.land/std@0.224.0/streams/reader_from_stream_reader.ts": "b3519118ed2a32e3fb6201a4c257d5c4e58c38b5918bdc505a45fccbfa0a53f9",
    "https://deno.land/std@0.224.0/streams/text_delimiter_stream.ts": "94dfc900204e306496c1b58c80473db57b6097afdcb8ea9eaff453a193a659f1",
    "https://deno.land/std@0.224.0/streams/text_line_stream.ts": "21f33d3922e019ec1a1676474beb543929cb564ec99b69cd2654e029e0f45bd5",
    "https://deno.land/std@0.224.0/streams/to_array_buffer.ts": "1a9c07c4a396ce557ab205c44415815ab13b614fed94a12f62b80f8e650c726d",
    "https://deno.land/std@0.224.0/streams/to_blob.ts": "bf5daaae50fa8f57e0c8bfd7474ebac16ac09e130e3d01ef2947ae5153912b4a",
    "https://deno.land/std@0.224.0/streams/to_json.ts": "b6a908d0da7cd30956e5fbbfa7460747e50b8f307d1041282ed6fe9070d579ee",
    "https://deno.land/std@0.224.0/streams/to_text.ts": "6f93593bdfc2cea5cca39755ea5caf0d4092580c0a713dfe04a1e85c60df331f",
    "https://deno.land/std@0.224.0/streams/to_transform_stream.ts": "4c4836455ef89bab9ece55975ee3a819f07d3d8b0e43101ec7f4ed033c8a2b61",
    "https://deno.land/std@0.224.0/streams/writable_stream_from_writer.ts": "527fc1b136fc53a9f0b32641f04a4522c72617fa7ca3778d27ed064f9cd98932",
    "https://deno.land/std@0.224.0/streams/writer_from_stream_writer.ts": "22cba4e5162fc443c7e5ef62f2054674cd6a20f5d7519a62db8d201496463931",
    "https://deno.land/std@0.224.0/streams/zip_readable_streams.ts": "53eb10d7557539b489bd858907aab6dd28247f074b3446573801de3150cb932e"
  }
}
